
Microsoft Visual Studio Solution File, Format Version 12.00
# Visual Studio Version 17
VisualStudioVersion = 17.9.34723.18
MinimumVisualStudioVersion = 10.0.40219.1
Project("{8BC9CEB8-8B4A-11D0-8D11-00A0C91BC942}") = "snake-game-using-sfml", "snake-game-using-sfml\snake-game-using-sfml.vcxproj", "{AFE0B92A-FFDE-4DD6-92A9-F6939D4711BC}"
EndProject
Global
	GlobalSection(SolutionConfigurationPlatforms) = preSolution
		Debug|x64 = Debug|x64
		Debug|x86 = Debug|x86
		Release|x64 = Release|x64
		Release|x86 = Release|x86
	EndGlobalSection
	GlobalSection(ProjectConfigurationPlatforms) = postSolution
		{AFE0B92A-FFDE-4DD6-92A9-F6939D4711BC}.Debug|x64.ActiveCfg = Debug|x64
		{AFE0B92A-FFDE-4DD6-92A9-F6939D4711BC}.Debug|x64.Build.0 = Debug|x64
		{AFE0B92A-FFDE-4DD6-92A9-F6939D4711BC}.Debug|x86.ActiveCfg = Debug|Win32
		{AFE0B92A-FFDE-4DD6-92A9-F6939D4711BC}.Debug|x86.Build.0 = Debug|Win32
		{AFE0B92A-FFDE-4DD6-92A9-F6939D4711BC}.Release|x64.ActiveCfg = Release|x64
		{AFE0B92A-FFDE-4DD6-92A9-F6939D4711BC}.Release|x64.Build.0 = Release|x64
		{AFE0B92A-FFDE-4DD6-92A9-F6939D4711BC}.Release|x86.ActiveCfg = Release|Win32
		{AFE0B92A-FFDE-4DD6-92A9-F6939D4711BC}.Release|x86.Build.0 = Release|Win32
	EndGlobalSection
	GlobalSection(SolutionProperties) = preSolution
		HideSolutionNode = FALSE
	EndGlobalSection
	GlobalSection(ExtensibilityGlobals) = postSolution
		SolutionGuid = {46EECD26-930F-483D-8B41-2C0B9C5CB5AA}
	EndGlobalSection
EndGlobal
